
Microsoft Visual Studio Solution File, Format Version 12.00
# Visual Studio Version 16
VisualStudioVersion = 16.0.29318.209
MinimumVisualStudioVersion = 10.0.40219.1
Project("{9A19103F-16F7-4668-BE54-9A1E7A4F7556}") = "Nuclear.Channels", "Nuclear.Channels\Nuclear.Channels.csproj", "{F3A77D5A-B15B-45CA-AF47-4613687B8CE4}"
EndProject
Project("{9A19103F-16F7-4668-BE54-9A1E7A4F7556}") = "Nuclear.ExportLocator", "Nuclear.ExportLocator\Nuclear.ExportLocator.csproj", "{AAB1E02E-268C-40D1-A44F-78C418190D30}"
EndProject
Project("{2150E333-8FDC-42A3-9474-1A3956D46DE8}") = "src", "src", "{9AA01687-2C6F-4F10-8172-DCB8D6355687}"
EndProject
Project("{2150E333-8FDC-42A3-9474-1A3956D46DE8}") = "docs", "docs", "{C1A23912-8C8D-4877-81A7-CA8EBE12EE3D}"
	ProjectSection(SolutionItems) = preProject
		LICENSE.txt = LICENSE.txt
		README.md = README.md
		TODOS.txt = TODOS.txt
	EndProjectSection
EndProject
Project("{2150E333-8FDC-42A3-9474-1A3956D46DE8}") = "test", "test", "{F676966B-1281-418E-9F0E-1F3DE01BC9AF}"
EndProject
Project("{9A19103F-16F7-4668-BE54-9A1E7A4F7556}") = "Nuclear.Channels.Test", "Nuclear.Channels.Test\Nuclear.Channels.Test.csproj", "{F5EA74EB-3F5E-4D3B-A861-C18022856C02}"
EndProject
Project("{9A19103F-16F7-4668-BE54-9A1E7A4F7556}") = "Nuclear.Channels.Remoting", "Nuclear.Channels.Remoting\Nuclear.Channels.Remoting.csproj", "{3AE88CAD-2ED1-4BFD-A241-BB0676D9891C}"
EndProject
Project("{9A19103F-16F7-4668-BE54-9A1E7A4F7556}") = "Nuclear.Channels.UnitTests", "Nuclear.Channels.UnitTests\Nuclear.Channels.UnitTests.csproj", "{9E21D19D-3653-460D-B017-0FDCF6D5354F}"
EndProject
Project("{9A19103F-16F7-4668-BE54-9A1E7A4F7556}") = "Nuclear.Channels.Base", "Nuclear.Channels.Base\Nuclear.Channels.Base.csproj", "{BF476A28-210C-4A29-91D0-0A327487CAFF}"
EndProject
Project("{9A19103F-16F7-4668-BE54-9A1E7A4F7556}") = "Nuclear.Channels.Authentication", "Nuclear.Channels.Authentication\Nuclear.Channels.Authentication.csproj", "{3A7CA6D1-543A-4199-9553-8D18EDF99D1C}"
EndProject
Project("{9A19103F-16F7-4668-BE54-9A1E7A4F7556}") = "Nuclear.Channels.Data", "Nuclear.Channels.Data\Nuclear.Channels.Data.csproj", "{BF35E495-F8BE-44F0-B46B-E5039D88BF68}"
EndProject
Project("{9A19103F-16F7-4668-BE54-9A1E7A4F7556}") = "Nuclear.Channels.Messaging", "Nuclear.Channels.Messaging\Nuclear.Channels.Messaging.csproj", "{33A43B8C-888D-4244-ACE9-A36C0659F701}"
EndProject
Project("{9A19103F-16F7-4668-BE54-9A1E7A4F7556}") = "Nuclear.Channels.InvokerServices", "Nuclear.Channels.InvokerServices\Nuclear.Channels.InvokerServices.csproj", "{71E291D7-1950-4FD6-B01D-6B6C8471FC57}"
EndProject
Project("{9A19103F-16F7-4668-BE54-9A1E7A4F7556}") = "Nuclear.Channels.Generators", "Nuclear.Channels.Generators\Nuclear.Channels.Generators.csproj", "{ACFF002B-9109-40AF-BB82-A58B1A2676A7}"
EndProject
Project("{9A19103F-16F7-4668-BE54-9A1E7A4F7556}") = "Nuclear.Channels.RemotingTest", "Nuclear.Channels.RemotingTest\Nuclear.Channels.RemotingTest.csproj", "{F87A6243-1E40-4072-A1E6-0C8662B47C51}"
EndProject
Project("{9A19103F-16F7-4668-BE54-9A1E7A4F7556}") = "Nuclear.Channels.WebTemplate", "Nuclear.Channels.WebTemplate\Nuclear.Channels.WebTemplate.csproj", "{9D16AE53-CC75-45C5-8F6E-45ACD8EE543E}"
EndProject
Project("{9A19103F-16F7-4668-BE54-9A1E7A4F7556}") = "Nuclear.Channels.Heuristics", "Nuclear.Channels.Heuristics\Nuclear.Channels.Heuristics.csproj", "{58182598-79D9-4154-99F6-425CE487CC78}"
EndProject
Project("{2150E333-8FDC-42A3-9474-1A3956D46DE8}") = "server", "server", "{1F083B8E-E6D9-40DA-8A8C-394BB15E9614}"
EndProject
Project("{2150E333-8FDC-42A3-9474-1A3956D46DE8}") = "framework", "framework", "{25D1692D-685A-459C-ACCD-43ED66B9C712}"
EndProject
Project("{2150E333-8FDC-42A3-9474-1A3956D46DE8}") = "remoting", "remoting", "{FF8A4FF8-0280-4C8B-92AA-0690C659E55D}"
EndProject
Project("{9A19103F-16F7-4668-BE54-9A1E7A4F7556}") = "Nuclear.Channels.Server.Manager", "Nuclear.Channels.Server.Manager\Nuclear.Channels.Server.Manager.csproj", "{EC28220B-9AFF-40CB-9671-BEDED829554B}"
EndProject
Project("{9A19103F-16F7-4668-BE54-9A1E7A4F7556}") = "Nuclear.Channels.Server", "Nuclear.Channels.Server\Nuclear.Channels.Server.csproj", "{7A728278-42E7-4E84-A753-3AD2FC454C8B}"
EndProject
Project("{2150E333-8FDC-42A3-9474-1A3956D46DE8}") = "locator", "locator", "{7E234B21-89A2-4D91-95F6-2E793DA42B6F}"
EndProject
Project("{9A19103F-16F7-4668-BE54-9A1E7A4F7556}") = "Nuclear.ExportLocator.Extensions", "Nuclear.ExportLocator.Extensions\Nuclear.ExportLocator.Extensions.csproj", "{676A8090-A42E-4D08-8009-ADE4A636A81C}"
EndProject
Project("{2150E333-8FDC-42A3-9474-1A3956D46DE8}") = "console", "console", "{750B1017-A90B-440B-84CC-0F845BDC1413}"
EndProject
Project("{2150E333-8FDC-42A3-9474-1A3956D46DE8}") = "web", "web", "{2AD980AF-AA4F-41C7-AE21-0A670DD3E1B0}"
EndProject
Project("{9A19103F-16F7-4668-BE54-9A1E7A4F7556}") = "Nuclear.Channels.Server.Web", "Nuclear.Channels.Server.Web\Nuclear.Channels.Server.Web.csproj", "{58C8F79D-BA21-4427-B83F-DA24443A109B}"
EndProject
Project("{9A19103F-16F7-4668-BE54-9A1E7A4F7556}") = "Nuclear.Channels.Server.Web.Api", "Nuclear.Channels.Server.Web.Api\Nuclear.Channels.Server.Web.Api.csproj", "{634C455B-7DEC-4C0B-A068-EC2193CA3C20}"
EndProject
Project("{FAE04EC0-301F-11D3-BF4B-00C04F79EFBC}") = "Nuclear.Channels.Server.Web.AspNetCoreExtensions", "Nuclear.Channels.Server.Web.AspNetCoreExtensions\Nuclear.Channels.Server.Web.AspNetCoreExtensions.csproj", "{B1BF57C2-1661-431D-9D4D-15A345FC5780}"
EndProject
Global
	GlobalSection(SolutionConfigurationPlatforms) = preSolution
		Debug|Any CPU = Debug|Any CPU
		Release|Any CPU = Release|Any CPU
	EndGlobalSection
	GlobalSection(ProjectConfigurationPlatforms) = postSolution
		{F3A77D5A-B15B-45CA-AF47-4613687B8CE4}.Debug|Any CPU.ActiveCfg = Debug|Any CPU
		{F3A77D5A-B15B-45CA-AF47-4613687B8CE4}.Debug|Any CPU.Build.0 = Debug|Any CPU
		{F3A77D5A-B15B-45CA-AF47-4613687B8CE4}.Release|Any CPU.ActiveCfg = Release|Any CPU
		{F3A77D5A-B15B-45CA-AF47-4613687B8CE4}.Release|Any CPU.Build.0 = Release|Any CPU
		{AAB1E02E-268C-40D1-A44F-78C418190D30}.Debug|Any CPU.ActiveCfg = Debug|Any CPU
		{AAB1E02E-268C-40D1-A44F-78C418190D30}.Debug|Any CPU.Build.0 = Debug|Any CPU
		{AAB1E02E-268C-40D1-A44F-78C418190D30}.Release|Any CPU.ActiveCfg = Release|Any CPU
		{AAB1E02E-268C-40D1-A44F-78C418190D30}.Release|Any CPU.Build.0 = Release|Any CPU
		{F5EA74EB-3F5E-4D3B-A861-C18022856C02}.Debug|Any CPU.ActiveCfg = Debug|Any CPU
		{F5EA74EB-3F5E-4D3B-A861-C18022856C02}.Debug|Any CPU.Build.0 = Debug|Any CPU
		{F5EA74EB-3F5E-4D3B-A861-C18022856C02}.Release|Any CPU.ActiveCfg = Release|Any CPU
		{F5EA74EB-3F5E-4D3B-A861-C18022856C02}.Release|Any CPU.Build.0 = Release|Any CPU
		{3AE88CAD-2ED1-4BFD-A241-BB0676D9891C}.Debug|Any CPU.ActiveCfg = Debug|Any CPU
		{3AE88CAD-2ED1-4BFD-A241-BB0676D9891C}.Debug|Any CPU.Build.0 = Debug|Any CPU
		{3AE88CAD-2ED1-4BFD-A241-BB0676D9891C}.Release|Any CPU.ActiveCfg = Release|Any CPU
		{3AE88CAD-2ED1-4BFD-A241-BB0676D9891C}.Release|Any CPU.Build.0 = Release|Any CPU
		{9E21D19D-3653-460D-B017-0FDCF6D5354F}.Debug|Any CPU.ActiveCfg = Debug|Any CPU
		{9E21D19D-3653-460D-B017-0FDCF6D5354F}.Debug|Any CPU.Build.0 = Debug|Any CPU
		{9E21D19D-3653-460D-B017-0FDCF6D5354F}.Release|Any CPU.ActiveCfg = Release|Any CPU
		{9E21D19D-3653-460D-B017-0FDCF6D5354F}.Release|Any CPU.Build.0 = Release|Any CPU
		{BF476A28-210C-4A29-91D0-0A327487CAFF}.Debug|Any CPU.ActiveCfg = Debug|Any CPU
		{BF476A28-210C-4A29-91D0-0A327487CAFF}.Debug|Any CPU.Build.0 = Debug|Any CPU
		{BF476A28-210C-4A29-91D0-0A327487CAFF}.Release|Any CPU.ActiveCfg = Release|Any CPU
		{BF476A28-210C-4A29-91D0-0A327487CAFF}.Release|Any CPU.Build.0 = Release|Any CPU
		{3A7CA6D1-543A-4199-9553-8D18EDF99D1C}.Debug|Any CPU.ActiveCfg = Debug|Any CPU
		{3A7CA6D1-543A-4199-9553-8D18EDF99D1C}.Debug|Any CPU.Build.0 = Debug|Any CPU
		{3A7CA6D1-543A-4199-9553-8D18EDF99D1C}.Release|Any CPU.ActiveCfg = Release|Any CPU
		{3A7CA6D1-543A-4199-9553-8D18EDF99D1C}.Release|Any CPU.Build.0 = Release|Any CPU
		{BF35E495-F8BE-44F0-B46B-E5039D88BF68}.Debug|Any CPU.ActiveCfg = Debug|Any CPU
		{BF35E495-F8BE-44F0-B46B-E5039D88BF68}.Debug|Any CPU.Build.0 = Debug|Any CPU
		{BF35E495-F8BE-44F0-B46B-E5039D88BF68}.Release|Any CPU.ActiveCfg = Release|Any CPU
		{BF35E495-F8BE-44F0-B46B-E5039D88BF68}.Release|Any CPU.Build.0 = Release|Any CPU
		{33A43B8C-888D-4244-ACE9-A36C0659F701}.Debug|Any CPU.ActiveCfg = Debug|Any CPU
		{33A43B8C-888D-4244-ACE9-A36C0659F701}.Debug|Any CPU.Build.0 = Debug|Any CPU
		{33A43B8C-888D-4244-ACE9-A36C0659F701}.Release|Any CPU.ActiveCfg = Release|Any CPU
		{33A43B8C-888D-4244-ACE9-A36C0659F701}.Release|Any CPU.Build.0 = Release|Any CPU
		{71E291D7-1950-4FD6-B01D-6B6C8471FC57}.Debug|Any CPU.ActiveCfg = Debug|Any CPU
		{71E291D7-1950-4FD6-B01D-6B6C8471FC57}.Debug|Any CPU.Build.0 = Debug|Any CPU
		{71E291D7-1950-4FD6-B01D-6B6C8471FC57}.Release|Any CPU.ActiveCfg = Release|Any CPU
		{71E291D7-1950-4FD6-B01D-6B6C8471FC57}.Release|Any CPU.Build.0 = Release|Any CPU
		{ACFF002B-9109-40AF-BB82-A58B1A2676A7}.Debug|Any CPU.ActiveCfg = Debug|Any CPU
		{ACFF002B-9109-40AF-BB82-A58B1A2676A7}.Debug|Any CPU.Build.0 = Debug|Any CPU
		{ACFF002B-9109-40AF-BB82-A58B1A2676A7}.Release|Any CPU.ActiveCfg = Release|Any CPU
		{ACFF002B-9109-40AF-BB82-A58B1A2676A7}.Release|Any CPU.Build.0 = Release|Any CPU
		{F87A6243-1E40-4072-A1E6-0C8662B47C51}.Debug|Any CPU.ActiveCfg = Debug|Any CPU
		{F87A6243-1E40-4072-A1E6-0C8662B47C51}.Debug|Any CPU.Build.0 = Debug|Any CPU
		{F87A6243-1E40-4072-A1E6-0C8662B47C51}.Release|Any CPU.ActiveCfg = Release|Any CPU
		{F87A6243-1E40-4072-A1E6-0C8662B47C51}.Release|Any CPU.Build.0 = Release|Any CPU
		{9D16AE53-CC75-45C5-8F6E-45ACD8EE543E}.Debug|Any CPU.ActiveCfg = Debug|Any CPU
		{9D16AE53-CC75-45C5-8F6E-45ACD8EE543E}.Debug|Any CPU.Build.0 = Debug|Any CPU
		{9D16AE53-CC75-45C5-8F6E-45ACD8EE543E}.Release|Any CPU.ActiveCfg = Release|Any CPU
		{9D16AE53-CC75-45C5-8F6E-45ACD8EE543E}.Release|Any CPU.Build.0 = Release|Any CPU
		{58182598-79D9-4154-99F6-425CE487CC78}.Debug|Any CPU.ActiveCfg = Debug|Any CPU
		{58182598-79D9-4154-99F6-425CE487CC78}.Debug|Any CPU.Build.0 = Debug|Any CPU
		{58182598-79D9-4154-99F6-425CE487CC78}.Release|Any CPU.ActiveCfg = Release|Any CPU
		{58182598-79D9-4154-99F6-425CE487CC78}.Release|Any CPU.Build.0 = Release|Any CPU
		{EC28220B-9AFF-40CB-9671-BEDED829554B}.Debug|Any CPU.ActiveCfg = Debug|Any CPU
		{EC28220B-9AFF-40CB-9671-BEDED829554B}.Debug|Any CPU.Build.0 = Debug|Any CPU
		{EC28220B-9AFF-40CB-9671-BEDED829554B}.Release|Any CPU.ActiveCfg = Release|Any CPU
		{EC28220B-9AFF-40CB-9671-BEDED829554B}.Release|Any CPU.Build.0 = Release|Any CPU
		{7A728278-42E7-4E84-A753-3AD2FC454C8B}.Debug|Any CPU.ActiveCfg = Debug|Any CPU
		{7A728278-42E7-4E84-A753-3AD2FC454C8B}.Debug|Any CPU.Build.0 = Debug|Any CPU
		{7A728278-42E7-4E84-A753-3AD2FC454C8B}.Release|Any CPU.ActiveCfg = Release|Any CPU
		{7A728278-42E7-4E84-A753-3AD2FC454C8B}.Release|Any CPU.Build.0 = Release|Any CPU
		{676A8090-A42E-4D08-8009-ADE4A636A81C}.Debug|Any CPU.ActiveCfg = Debug|Any CPU
		{676A8090-A42E-4D08-8009-ADE4A636A81C}.Debug|Any CPU.Build.0 = Debug|Any CPU
		{676A8090-A42E-4D08-8009-ADE4A636A81C}.Release|Any CPU.ActiveCfg = Release|Any CPU
		{676A8090-A42E-4D08-8009-ADE4A636A81C}.Release|Any CPU.Build.0 = Release|Any CPU
		{58C8F79D-BA21-4427-B83F-DA24443A109B}.Debug|Any CPU.ActiveCfg = Debug|Any CPU
		{58C8F79D-BA21-4427-B83F-DA24443A109B}.Debug|Any CPU.Build.0 = Debug|Any CPU
		{58C8F79D-BA21-4427-B83F-DA24443A109B}.Release|Any CPU.ActiveCfg = Release|Any CPU
		{58C8F79D-BA21-4427-B83F-DA24443A109B}.Release|Any CPU.Build.0 = Release|Any CPU
		{634C455B-7DEC-4C0B-A068-EC2193CA3C20}.Debug|Any CPU.ActiveCfg = Debug|Any CPU
		{634C455B-7DEC-4C0B-A068-EC2193CA3C20}.Debug|Any CPU.Build.0 = Debug|Any CPU
		{634C455B-7DEC-4C0B-A068-EC2193CA3C20}.Release|Any CPU.ActiveCfg = Release|Any CPU
		{634C455B-7DEC-4C0B-A068-EC2193CA3C20}.Release|Any CPU.Build.0 = Release|Any CPU
		{B1BF57C2-1661-431D-9D4D-15A345FC5780}.Debug|Any CPU.ActiveCfg = Debug|Any CPU
		{B1BF57C2-1661-431D-9D4D-15A345FC5780}.Debug|Any CPU.Build.0 = Debug|Any CPU
		{B1BF57C2-1661-431D-9D4D-15A345FC5780}.Release|Any CPU.ActiveCfg = Release|Any CPU
		{B1BF57C2-1661-431D-9D4D-15A345FC5780}.Release|Any CPU.Build.0 = Release|Any CPU
	EndGlobalSection
	GlobalSection(SolutionProperties) = preSolution
		HideSolutionNode = FALSE
	EndGlobalSection
	GlobalSection(NestedProjects) = preSolution
		{F3A77D5A-B15B-45CA-AF47-4613687B8CE4} = {25D1692D-685A-459C-ACCD-43ED66B9C712}
		{AAB1E02E-268C-40D1-A44F-78C418190D30} = {7E234B21-89A2-4D91-95F6-2E793DA42B6F}
		{F5EA74EB-3F5E-4D3B-A861-C18022856C02} = {F676966B-1281-418E-9F0E-1F3DE01BC9AF}
		{3AE88CAD-2ED1-4BFD-A241-BB0676D9891C} = {FF8A4FF8-0280-4C8B-92AA-0690C659E55D}
		{9E21D19D-3653-460D-B017-0FDCF6D5354F} = {F676966B-1281-418E-9F0E-1F3DE01BC9AF}
		{BF476A28-210C-4A29-91D0-0A327487CAFF} = {25D1692D-685A-459C-ACCD-43ED66B9C712}
		{3A7CA6D1-543A-4199-9553-8D18EDF99D1C} = {25D1692D-685A-459C-ACCD-43ED66B9C712}
		{BF35E495-F8BE-44F0-B46B-E5039D88BF68} = {25D1692D-685A-459C-ACCD-43ED66B9C712}
		{33A43B8C-888D-4244-ACE9-A36C0659F701} = {25D1692D-685A-459C-ACCD-43ED66B9C712}
		{71E291D7-1950-4FD6-B01D-6B6C8471FC57} = {25D1692D-685A-459C-ACCD-43ED66B9C712}
		{ACFF002B-9109-40AF-BB82-A58B1A2676A7} = {25D1692D-685A-459C-ACCD-43ED66B9C712}
		{F87A6243-1E40-4072-A1E6-0C8662B47C51} = {FF8A4FF8-0280-4C8B-92AA-0690C659E55D}
		{9D16AE53-CC75-45C5-8F6E-45ACD8EE543E} = {F676966B-1281-418E-9F0E-1F3DE01BC9AF}
		{58182598-79D9-4154-99F6-425CE487CC78} = {25D1692D-685A-459C-ACCD-43ED66B9C712}
		{1F083B8E-E6D9-40DA-8A8C-394BB15E9614} = {9AA01687-2C6F-4F10-8172-DCB8D6355687}
		{25D1692D-685A-459C-ACCD-43ED66B9C712} = {9AA01687-2C6F-4F10-8172-DCB8D6355687}
		{FF8A4FF8-0280-4C8B-92AA-0690C659E55D} = {9AA01687-2C6F-4F10-8172-DCB8D6355687}
		{EC28220B-9AFF-40CB-9671-BEDED829554B} = {750B1017-A90B-440B-84CC-0F845BDC1413}
		{7A728278-42E7-4E84-A753-3AD2FC454C8B} = {750B1017-A90B-440B-84CC-0F845BDC1413}
		{7E234B21-89A2-4D91-95F6-2E793DA42B6F} = {9AA01687-2C6F-4F10-8172-DCB8D6355687}
		{676A8090-A42E-4D08-8009-ADE4A636A81C} = {7E234B21-89A2-4D91-95F6-2E793DA42B6F}
		{750B1017-A90B-440B-84CC-0F845BDC1413} = {1F083B8E-E6D9-40DA-8A8C-394BB15E9614}
		{2AD980AF-AA4F-41C7-AE21-0A670DD3E1B0} = {1F083B8E-E6D9-40DA-8A8C-394BB15E9614}
		{58C8F79D-BA21-4427-B83F-DA24443A109B} = {2AD980AF-AA4F-41C7-AE21-0A670DD3E1B0}
		{634C455B-7DEC-4C0B-A068-EC2193CA3C20} = {2AD980AF-AA4F-41C7-AE21-0A670DD3E1B0}
		{B1BF57C2-1661-431D-9D4D-15A345FC5780} = {2AD980AF-AA4F-41C7-AE21-0A670DD3E1B0}
	EndGlobalSection
	GlobalSection(ExtensibilityGlobals) = postSolution
		SolutionGuid = {EBCA10CE-333B-4FAA-82AA-4379B0FCFF4A}
	EndGlobalSection
EndGlobal
