
Microsoft Visual Studio Solution File, Format Version 12.00
# Visual Studio Version 16
VisualStudioVersion = 16.0.29318.209
MinimumVisualStudioVersion = 10.0.40219.1
Project("{9A19103F-16F7-4668-BE54-9A1E7A4F7556}") = "Nuclear.Channels", "Nuclear.Channels\Nuclear.Channels.csproj", "{F3A77D5A-B15B-45CA-AF47-4613687B8CE4}"
EndProject
Project("{9A19103F-16F7-4668-BE54-9A1E7A4F7556}") = "Nuclear.ExportLocator", "Nuclear.ExportLocator\Nuclear.ExportLocator.csproj", "{AAB1E02E-268C-40D1-A44F-78C418190D30}"
EndProject
Project("{2150E333-8FDC-42A3-9474-1A3956D46DE8}") = "src", "src", "{9AA01687-2C6F-4F10-8172-DCB8D6355687}"
EndProject
Project("{2150E333-8FDC-42A3-9474-1A3956D46DE8}") = "docs", "docs", "{C1A23912-8C8D-4877-81A7-CA8EBE12EE3D}"
	ProjectSection(SolutionItems) = preProject
		LICENSE.txt = LICENSE.txt
		README.md = README.md
		TODOS.txt = TODOS.txt
	EndProjectSection
EndProject
Project("{2150E333-8FDC-42A3-9474-1A3956D46DE8}") = "test", "test", "{F676966B-1281-418E-9F0E-1F3DE01BC9AF}"
EndProject
Project("{9A19103F-16F7-4668-BE54-9A1E7A4F7556}") = "Nuclear.Channels.Test", "Nuclear.Channels.Test\Nuclear.Channels.Test.csproj", "{F5EA74EB-3F5E-4D3B-A861-C18022856C02}"
EndProject
Project("{9A19103F-16F7-4668-BE54-9A1E7A4F7556}") = "Nuclear.Channels.Remoting", "Nuclear.Channels.Remoting\Nuclear.Channels.Remoting.csproj", "{3AE88CAD-2ED1-4BFD-A241-BB0676D9891C}"
EndProject
Project("{9A19103F-16F7-4668-BE54-9A1E7A4F7556}") = "Nuclear.Channels.UnitTests", "Nuclear.Channels.UnitTests\Nuclear.Channels.UnitTests.csproj", "{9E21D19D-3653-460D-B017-0FDCF6D5354F}"
EndProject
Project("{9A19103F-16F7-4668-BE54-9A1E7A4F7556}") = "Nuclear.Channels.Base", "Nuclear.Channels.Base\Nuclear.Channels.Base.csproj", "{BF476A28-210C-4A29-91D0-0A327487CAFF}"
EndProject
Project("{9A19103F-16F7-4668-BE54-9A1E7A4F7556}") = "Nuclear.Channels.Authentication", "Nuclear.Channels.Authentication\Nuclear.Channels.Authentication.csproj", "{3A7CA6D1-543A-4199-9553-8D18EDF99D1C}"
EndProject
Project("{9A19103F-16F7-4668-BE54-9A1E7A4F7556}") = "Nuclear.Channels.Data", "Nuclear.Channels.Data\Nuclear.Channels.Data.csproj", "{BF35E495-F8BE-44F0-B46B-E5039D88BF68}"
EndProject
Project("{9A19103F-16F7-4668-BE54-9A1E7A4F7556}") = "Nuclear.Channels.Messaging", "Nuclear.Channels.Messaging\Nuclear.Channels.Messaging.csproj", "{33A43B8C-888D-4244-ACE9-A36C0659F701}"
EndProject
Project("{9A19103F-16F7-4668-BE54-9A1E7A4F7556}") = "Nuclear.Channels.InvokerServices", "Nuclear.Channels.InvokerServices\Nuclear.Channels.InvokerServices.csproj", "{71E291D7-1950-4FD6-B01D-6B6C8471FC57}"
EndProject
Project("{9A19103F-16F7-4668-BE54-9A1E7A4F7556}") = "Nuclear.Channels.Extensions", "Nuclear.Channels.Extensions\Nuclear.Channels.Extensions.csproj", "{17F6F18F-0BB2-4F8D-979C-89C601109C82}"
EndProject
Project("{FAE04EC0-301F-11D3-BF4B-00C04F79EFBC}") = "Nuclear.Channel.Generators", "Nuclear.Channel.Generators\Nuclear.Channel.Generators.csproj", "{2ADA0CAC-73E0-473F-B465-C260BEAE7E24}"
EndProject
Global
	GlobalSection(SolutionConfigurationPlatforms) = preSolution
		Debug|Any CPU = Debug|Any CPU
		Release|Any CPU = Release|Any CPU
	EndGlobalSection
	GlobalSection(ProjectConfigurationPlatforms) = postSolution
		{F3A77D5A-B15B-45CA-AF47-4613687B8CE4}.Debug|Any CPU.ActiveCfg = Debug|Any CPU
		{F3A77D5A-B15B-45CA-AF47-4613687B8CE4}.Debug|Any CPU.Build.0 = Debug|Any CPU
		{F3A77D5A-B15B-45CA-AF47-4613687B8CE4}.Release|Any CPU.ActiveCfg = Release|Any CPU
		{F3A77D5A-B15B-45CA-AF47-4613687B8CE4}.Release|Any CPU.Build.0 = Release|Any CPU
		{AAB1E02E-268C-40D1-A44F-78C418190D30}.Debug|Any CPU.ActiveCfg = Debug|Any CPU
		{AAB1E02E-268C-40D1-A44F-78C418190D30}.Debug|Any CPU.Build.0 = Debug|Any CPU
		{AAB1E02E-268C-40D1-A44F-78C418190D30}.Release|Any CPU.ActiveCfg = Release|Any CPU
		{AAB1E02E-268C-40D1-A44F-78C418190D30}.Release|Any CPU.Build.0 = Release|Any CPU
		{F5EA74EB-3F5E-4D3B-A861-C18022856C02}.Debug|Any CPU.ActiveCfg = Debug|Any CPU
		{F5EA74EB-3F5E-4D3B-A861-C18022856C02}.Debug|Any CPU.Build.0 = Debug|Any CPU
		{F5EA74EB-3F5E-4D3B-A861-C18022856C02}.Release|Any CPU.ActiveCfg = Release|Any CPU
		{F5EA74EB-3F5E-4D3B-A861-C18022856C02}.Release|Any CPU.Build.0 = Release|Any CPU
		{3AE88CAD-2ED1-4BFD-A241-BB0676D9891C}.Debug|Any CPU.ActiveCfg = Debug|Any CPU
		{3AE88CAD-2ED1-4BFD-A241-BB0676D9891C}.Debug|Any CPU.Build.0 = Debug|Any CPU
		{3AE88CAD-2ED1-4BFD-A241-BB0676D9891C}.Release|Any CPU.ActiveCfg = Release|Any CPU
		{3AE88CAD-2ED1-4BFD-A241-BB0676D9891C}.Release|Any CPU.Build.0 = Release|Any CPU
		{9E21D19D-3653-460D-B017-0FDCF6D5354F}.Debug|Any CPU.ActiveCfg = Debug|Any CPU
		{9E21D19D-3653-460D-B017-0FDCF6D5354F}.Debug|Any CPU.Build.0 = Debug|Any CPU
		{9E21D19D-3653-460D-B017-0FDCF6D5354F}.Release|Any CPU.ActiveCfg = Release|Any CPU
		{9E21D19D-3653-460D-B017-0FDCF6D5354F}.Release|Any CPU.Build.0 = Release|Any CPU
		{BF476A28-210C-4A29-91D0-0A327487CAFF}.Debug|Any CPU.ActiveCfg = Debug|Any CPU
		{BF476A28-210C-4A29-91D0-0A327487CAFF}.Debug|Any CPU.Build.0 = Debug|Any CPU
		{BF476A28-210C-4A29-91D0-0A327487CAFF}.Release|Any CPU.ActiveCfg = Release|Any CPU
		{BF476A28-210C-4A29-91D0-0A327487CAFF}.Release|Any CPU.Build.0 = Release|Any CPU
		{3A7CA6D1-543A-4199-9553-8D18EDF99D1C}.Debug|Any CPU.ActiveCfg = Debug|Any CPU
		{3A7CA6D1-543A-4199-9553-8D18EDF99D1C}.Debug|Any CPU.Build.0 = Debug|Any CPU
		{3A7CA6D1-543A-4199-9553-8D18EDF99D1C}.Release|Any CPU.ActiveCfg = Release|Any CPU
		{3A7CA6D1-543A-4199-9553-8D18EDF99D1C}.Release|Any CPU.Build.0 = Release|Any CPU
		{BF35E495-F8BE-44F0-B46B-E5039D88BF68}.Debug|Any CPU.ActiveCfg = Debug|Any CPU
		{BF35E495-F8BE-44F0-B46B-E5039D88BF68}.Debug|Any CPU.Build.0 = Debug|Any CPU
		{BF35E495-F8BE-44F0-B46B-E5039D88BF68}.Release|Any CPU.ActiveCfg = Release|Any CPU
		{BF35E495-F8BE-44F0-B46B-E5039D88BF68}.Release|Any CPU.Build.0 = Release|Any CPU
		{33A43B8C-888D-4244-ACE9-A36C0659F701}.Debug|Any CPU.ActiveCfg = Debug|Any CPU
		{33A43B8C-888D-4244-ACE9-A36C0659F701}.Debug|Any CPU.Build.0 = Debug|Any CPU
		{33A43B8C-888D-4244-ACE9-A36C0659F701}.Release|Any CPU.ActiveCfg = Release|Any CPU
		{33A43B8C-888D-4244-ACE9-A36C0659F701}.Release|Any CPU.Build.0 = Release|Any CPU
		{71E291D7-1950-4FD6-B01D-6B6C8471FC57}.Debug|Any CPU.ActiveCfg = Debug|Any CPU
		{71E291D7-1950-4FD6-B01D-6B6C8471FC57}.Debug|Any CPU.Build.0 = Debug|Any CPU
		{71E291D7-1950-4FD6-B01D-6B6C8471FC57}.Release|Any CPU.ActiveCfg = Release|Any CPU
		{71E291D7-1950-4FD6-B01D-6B6C8471FC57}.Release|Any CPU.Build.0 = Release|Any CPU
		{17F6F18F-0BB2-4F8D-979C-89C601109C82}.Debug|Any CPU.ActiveCfg = Debug|Any CPU
		{17F6F18F-0BB2-4F8D-979C-89C601109C82}.Debug|Any CPU.Build.0 = Debug|Any CPU
		{17F6F18F-0BB2-4F8D-979C-89C601109C82}.Release|Any CPU.ActiveCfg = Release|Any CPU
		{17F6F18F-0BB2-4F8D-979C-89C601109C82}.Release|Any CPU.Build.0 = Release|Any CPU
		{2ADA0CAC-73E0-473F-B465-C260BEAE7E24}.Debug|Any CPU.ActiveCfg = Debug|Any CPU
		{2ADA0CAC-73E0-473F-B465-C260BEAE7E24}.Debug|Any CPU.Build.0 = Debug|Any CPU
		{2ADA0CAC-73E0-473F-B465-C260BEAE7E24}.Release|Any CPU.ActiveCfg = Release|Any CPU
		{2ADA0CAC-73E0-473F-B465-C260BEAE7E24}.Release|Any CPU.Build.0 = Release|Any CPU
	EndGlobalSection
	GlobalSection(SolutionProperties) = preSolution
		HideSolutionNode = FALSE
	EndGlobalSection
	GlobalSection(NestedProjects) = preSolution
		{F3A77D5A-B15B-45CA-AF47-4613687B8CE4} = {9AA01687-2C6F-4F10-8172-DCB8D6355687}
		{AAB1E02E-268C-40D1-A44F-78C418190D30} = {9AA01687-2C6F-4F10-8172-DCB8D6355687}
		{F5EA74EB-3F5E-4D3B-A861-C18022856C02} = {F676966B-1281-418E-9F0E-1F3DE01BC9AF}
		{3AE88CAD-2ED1-4BFD-A241-BB0676D9891C} = {9AA01687-2C6F-4F10-8172-DCB8D6355687}
		{9E21D19D-3653-460D-B017-0FDCF6D5354F} = {F676966B-1281-418E-9F0E-1F3DE01BC9AF}
		{BF476A28-210C-4A29-91D0-0A327487CAFF} = {9AA01687-2C6F-4F10-8172-DCB8D6355687}
		{3A7CA6D1-543A-4199-9553-8D18EDF99D1C} = {9AA01687-2C6F-4F10-8172-DCB8D6355687}
		{BF35E495-F8BE-44F0-B46B-E5039D88BF68} = {9AA01687-2C6F-4F10-8172-DCB8D6355687}
		{33A43B8C-888D-4244-ACE9-A36C0659F701} = {9AA01687-2C6F-4F10-8172-DCB8D6355687}
		{71E291D7-1950-4FD6-B01D-6B6C8471FC57} = {9AA01687-2C6F-4F10-8172-DCB8D6355687}
		{17F6F18F-0BB2-4F8D-979C-89C601109C82} = {9AA01687-2C6F-4F10-8172-DCB8D6355687}
		{2ADA0CAC-73E0-473F-B465-C260BEAE7E24} = {9AA01687-2C6F-4F10-8172-DCB8D6355687}
	EndGlobalSection
	GlobalSection(ExtensibilityGlobals) = postSolution
		SolutionGuid = {EBCA10CE-333B-4FAA-82AA-4379B0FCFF4A}
	EndGlobalSection
EndGlobal
